
Microsoft Visual Studio Solution File, Format Version 12.00
# Visual Studio 15
VisualStudioVersion = 15.0.27428.2015
MinimumVisualStudioVersion = 10.0.40219.1
Project("{FAE04EC0-301F-11D3-BF4B-00C04F79EFBC}") = "ErrorLog", "ErrorLog\ErrorLog.csproj", "{51CCF376-9A26-49E8-AFB2-368871F24ADA}"
EndProject
Global
	GlobalSection(SolutionConfigurationPlatforms) = preSolution
		Debug|Any CPU = Debug|Any CPU
		Release|Any CPU = Release|Any CPU
	EndGlobalSection
	GlobalSection(ProjectConfigurationPlatforms) = postSolution
		{51CCF376-9A26-49E8-AFB2-368871F24ADA}.Debug|Any CPU.ActiveCfg = Debug|Any CPU
		{51CCF376-9A26-49E8-AFB2-368871F24ADA}.Debug|Any CPU.Build.0 = Debug|Any CPU
		{51CCF376-9A26-49E8-AFB2-368871F24ADA}.Release|Any CPU.ActiveCfg = Release|Any CPU
		{51CCF376-9A26-49E8-AFB2-368871F24ADA}.Release|Any CPU.Build.0 = Release|Any CPU
	EndGlobalSection
	GlobalSection(SolutionProperties) = preSolution
		HideSolutionNode = FALSE
	EndGlobalSection
	GlobalSection(ExtensibilityGlobals) = postSolution
		SolutionGuid = {B517E551-A4BE-4B15-A253-A6261314C18E}
	EndGlobalSection
EndGlobal
